{
  "name": "advent-2020",
  "version": "1.0.0",
  "lockfileVersion": 1,
  "requires": true,
  "dependencies": {
    "ait-lang": {
      "version": "0.3.3",
      "resolved": "https://registry.npmjs.org/ait-lang/-/ait-lang-0.3.3.tgz",
      "integrity": "sha512-szt0fVZjJzjV5ZW9QxnfbRxABnS8kCHe3PA9+gnLcxOaD5SSmj5P2xX/AcXm4j5LkHz8/VECC5hg3rMtRvww3Q==",
      "requires": {
        "clone": "2.1.1",
        "parsimmon": "1.2.0"
      }
    },
    "clone": {
      "version": "2.1.1",
      "resolved": "https://registry.npmjs.org/clone/-/clone-2.1.1.tgz",
      "integrity": "sha1-0hfR6WERjjrJpLi7oyhVU79kfNs="
    },
    "parsimmon": {
      "version": "1.2.0",
      "resolved": "https://registry.npmjs.org/parsimmon/-/parsimmon-1.2.0.tgz",
      "integrity": "sha1-PtSubIkTBmlp8/rq/jmWH9yt85k="
    }
  }
}
